
Microsoft Visual Studio Solution File, Format Version 12.00
# Visual Studio 15
VisualStudioVersion = 15.0.28307.779
MinimumVisualStudioVersion = 10.0.40219.1
Project("{FAE04EC0-301F-11D3-BF4B-00C04F79EFBC}") = "NeuralNetworking", "NeuralNetworking\NeuralNetworking.csproj", "{6CE6A955-17E2-463A-845B-9B84018FF568}"
EndProject
Project("{FAE04EC0-301F-11D3-BF4B-00C04F79EFBC}") = "NeuralNetworkingTests", "NeuralNetworkingTests\NeuralNetworkingTests.csproj", "{A1BFF46F-0FF6-41C2-89D0-78E9136C2D20}"
EndProject
Global
	GlobalSection(SolutionConfigurationPlatforms) = preSolution
		Debug|Any CPU = Debug|Any CPU
		Release|Any CPU = Release|Any CPU
	EndGlobalSection
	GlobalSection(ProjectConfigurationPlatforms) = postSolution
		{6CE6A955-17E2-463A-845B-9B84018FF568}.Debug|Any CPU.ActiveCfg = Debug|Any CPU
		{6CE6A955-17E2-463A-845B-9B84018FF568}.Debug|Any CPU.Build.0 = Debug|Any CPU
		{6CE6A955-17E2-463A-845B-9B84018FF568}.Release|Any CPU.ActiveCfg = Release|Any CPU
		{6CE6A955-17E2-463A-845B-9B84018FF568}.Release|Any CPU.Build.0 = Release|Any CPU
		{A1BFF46F-0FF6-41C2-89D0-78E9136C2D20}.Debug|Any CPU.ActiveCfg = Debug|Any CPU
		{A1BFF46F-0FF6-41C2-89D0-78E9136C2D20}.Debug|Any CPU.Build.0 = Debug|Any CPU
		{A1BFF46F-0FF6-41C2-89D0-78E9136C2D20}.Release|Any CPU.ActiveCfg = Release|Any CPU
		{A1BFF46F-0FF6-41C2-89D0-78E9136C2D20}.Release|Any CPU.Build.0 = Release|Any CPU
	EndGlobalSection
	GlobalSection(SolutionProperties) = preSolution
		HideSolutionNode = FALSE
	EndGlobalSection
	GlobalSection(ExtensibilityGlobals) = postSolution
		SolutionGuid = {AAD9E692-18BD-47B8-B5A1-30A541EB0A5E}
	EndGlobalSection
EndGlobal
